
Microsoft Visual Studio Solution File, Format Version 12.00
# Visual Studio Version 17
VisualStudioVersion = 17.0.31903.59
MinimumVisualStudioVersion = 10.0.40219.1
Project("{FAE04EC0-301F-11D3-BF4B-00C04F79EFBC}") = "TaskWpfApp5", "TaskWpfApp5\TaskWpfApp5.csproj", "{8E0AAB2E-F8A7-4BF1-AF57-9B1403622001}"
EndProject
Global
	GlobalSection(SolutionConfigurationPlatforms) = preSolution
		Debug|Any CPU = Debug|Any CPU
		Release|Any CPU = Release|Any CPU
	EndGlobalSection
	GlobalSection(ProjectConfigurationPlatforms) = postSolution
		{8E0AAB2E-F8A7-4BF1-AF57-9B1403622001}.Debug|Any CPU.ActiveCfg = Debug|Any CPU
		{8E0AAB2E-F8A7-4BF1-AF57-9B1403622001}.Debug|Any CPU.Build.0 = Debug|Any CPU
		{8E0AAB2E-F8A7-4BF1-AF57-9B1403622001}.Release|Any CPU.ActiveCfg = Release|Any CPU
		{8E0AAB2E-F8A7-4BF1-AF57-9B1403622001}.Release|Any CPU.Build.0 = Release|Any CPU
	EndGlobalSection
	GlobalSection(SolutionProperties) = preSolution
		HideSolutionNode = FALSE
	EndGlobalSection
	GlobalSection(ExtensibilityGlobals) = postSolution
		SolutionGuid = {C6EF18FF-ECD2-4CC2-BA2E-D91D130B6001}
	EndGlobalSection
EndGlobal
